
Microsoft Visual Studio Solution File, Format Version 12.00
# Visual Studio Version 17
VisualStudioVersion = 17.7.34221.43
MinimumVisualStudioVersion = 10.0.40219.1
Project("{FAE04EC0-301F-11D3-BF4B-00C04F79EFBC}") = "Laboratorio13", "prueba\Laboratorio13.csproj", "{2718E6F9-4CDE-4A28-B8CA-AA3BB750DB5F}"
EndProject
Global
	GlobalSection(SolutionConfigurationPlatforms) = preSolution
		Debug|Any CPU = Debug|Any CPU
		Release|Any CPU = Release|Any CPU
	EndGlobalSection
	GlobalSection(ProjectConfigurationPlatforms) = postSolution
		{2718E6F9-4CDE-4A28-B8CA-AA3BB750DB5F}.Debug|Any CPU.ActiveCfg = Debug|Any CPU
		{2718E6F9-4CDE-4A28-B8CA-AA3BB750DB5F}.Debug|Any CPU.Build.0 = Debug|Any CPU
		{2718E6F9-4CDE-4A28-B8CA-AA3BB750DB5F}.Release|Any CPU.ActiveCfg = Release|Any CPU
		{2718E6F9-4CDE-4A28-B8CA-AA3BB750DB5F}.Release|Any CPU.Build.0 = Release|Any CPU
	EndGlobalSection
	GlobalSection(SolutionProperties) = preSolution
		HideSolutionNode = FALSE
	EndGlobalSection
	GlobalSection(ExtensibilityGlobals) = postSolution
		SolutionGuid = {072590BD-1AD2-44E5-86C8-4D138C7D484A}
	EndGlobalSection
EndGlobal
